
Microsoft Visual Studio Solution File, Format Version 12.00
# Visual Studio Version 17
VisualStudioVersion = 17.0.32112.339
MinimumVisualStudioVersion = 10.0.40219.1
Project("{FAE04EC0-301F-11D3-BF4B-00C04F79EFBC}") = "Laba2", "Laba2.csproj", "{9ED3C53B-DF5A-4537-B04D-7F6721E4CAE8}"
EndProject
Global
	GlobalSection(SolutionConfigurationPlatforms) = preSolution
		Debug|Any CPU = Debug|Any CPU
		Release|Any CPU = Release|Any CPU
	EndGlobalSection
	GlobalSection(ProjectConfigurationPlatforms) = postSolution
		{9ED3C53B-DF5A-4537-B04D-7F6721E4CAE8}.Debug|Any CPU.ActiveCfg = Debug|Any CPU
		{9ED3C53B-DF5A-4537-B04D-7F6721E4CAE8}.Debug|Any CPU.Build.0 = Debug|Any CPU
		{9ED3C53B-DF5A-4537-B04D-7F6721E4CAE8}.Release|Any CPU.ActiveCfg = Release|Any CPU
		{9ED3C53B-DF5A-4537-B04D-7F6721E4CAE8}.Release|Any CPU.Build.0 = Release|Any CPU
	EndGlobalSection
	GlobalSection(SolutionProperties) = preSolution
		HideSolutionNode = FALSE
	EndGlobalSection
	GlobalSection(ExtensibilityGlobals) = postSolution
		SolutionGuid = {21FDE3E6-9D77-495F-B6C2-2C1E2F039C0B}
	EndGlobalSection
EndGlobal
